
Microsoft Visual Studio Solution File, Format Version 12.00
# Visual Studio 2012
Project("{FAE04EC0-301F-11D3-BF4B-00C04F79EFBC}") = "WebDriverTest_Example", "WebDriverTest_Example\WebDriverTest_Example.csproj", "{B190CFBF-79E6-4AE0-930B-788A8D53AFC0}"
EndProject
Project("{2150E333-8FDC-42A3-9474-1A3956D46DE8}") = ".nuget", ".nuget", "{C5E404D0-A18A-46A4-9C16-21ABF8D47A95}"
	ProjectSection(SolutionItems) = preProject
		.nuget\packages.config = .nuget\packages.config
	EndProjectSection
EndProject
Global
	GlobalSection(SolutionConfigurationPlatforms) = preSolution
		Debug|Any CPU = Debug|Any CPU
		Release|Any CPU = Release|Any CPU
	EndGlobalSection
	GlobalSection(ProjectConfigurationPlatforms) = postSolution
		{B190CFBF-79E6-4AE0-930B-788A8D53AFC0}.Debug|Any CPU.ActiveCfg = Debug|Any CPU
		{B190CFBF-79E6-4AE0-930B-788A8D53AFC0}.Debug|Any CPU.Build.0 = Debug|Any CPU
		{B190CFBF-79E6-4AE0-930B-788A8D53AFC0}.Release|Any CPU.ActiveCfg = Release|Any CPU
		{B190CFBF-79E6-4AE0-930B-788A8D53AFC0}.Release|Any CPU.Build.0 = Release|Any CPU
	EndGlobalSection
	GlobalSection(SolutionProperties) = preSolution
		HideSolutionNode = FALSE
	EndGlobalSection
EndGlobal
